
Microsoft Visual Studio Solution File, Format Version 12.00
# Visual Studio 15
VisualStudioVersion = 15.0.26730.16
MinimumVisualStudioVersion = 10.0.40219.1
Project("{E24C65DC-7377-472B-9ABA-BC803B73C61A}") = "SSoT", "SSoT\", "{7FDA781F-B802-4C2B-AD88-5E61FC0E827B}"
	ProjectSection(WebsiteProperties) = preProject
		TargetFrameworkMoniker = ".NETFramework,Version%3Dv4.0"
		Debug.AspNetCompiler.VirtualPath = "/localhost_59839"
		Debug.AspNetCompiler.PhysicalPath = "SSoT\"
		Debug.AspNetCompiler.TargetPath = "PrecompiledWeb\localhost_59839\"
		Debug.AspNetCompiler.Updateable = "true"
		Debug.AspNetCompiler.ForceOverwrite = "true"
		Debug.AspNetCompiler.FixedNames = "false"
		Debug.AspNetCompiler.Debug = "True"
		Release.AspNetCompiler.VirtualPath = "/localhost_59839"
		Release.AspNetCompiler.PhysicalPath = "SSoT\"
		Release.AspNetCompiler.TargetPath = "PrecompiledWeb\localhost_59839\"
		Release.AspNetCompiler.Updateable = "true"
		Release.AspNetCompiler.ForceOverwrite = "true"
		Release.AspNetCompiler.FixedNames = "false"
		Release.AspNetCompiler.Debug = "False"
		VWDPort = "59839"
		SlnRelativePath = "SSoT\"
	EndProjectSection
EndProject
Project("{2150E333-8FDC-42A3-9474-1A3956D46DE8}") = "Config", "Config", "{419B1AF3-2AB0-4740-8478-B1230325AA16}"
	ProjectSection(SolutionItems) = preProject
		build-ssotme.bat = build-ssotme.bat
		PostMan\CreatePostmanJson.xslt = PostMan\CreatePostmanJson.xslt
		PostMan\postman.json = PostMan\postman.json
		PostMan\PostmanCollection.json = PostMan\PostmanCollection.json
	EndProjectSection
EndProject
Project("{FAE04EC0-301F-11D3-BF4B-00C04F79EFBC}") = "CoreLibrary", "CoreLibrary\CoreLibrary.csproj", "{C3C5F7F6-D9D8-4165-911B-0527B69EA7EF}"
EndProject
Project("{E24C65DC-7377-472B-9ABA-BC803B73C61A}") = "ODXML", "ODXML\", "{A40F7CDC-1AD8-44A0-BFAC-BC6CF2D9D967}"
	ProjectSection(WebsiteProperties) = preProject
		TargetFrameworkMoniker = ".NETFramework,Version%3Dv4.0"
		Debug.AspNetCompiler.VirtualPath = "/localhost_59878"
		Debug.AspNetCompiler.PhysicalPath = "ODXML\"
		Debug.AspNetCompiler.TargetPath = "PrecompiledWeb\localhost_59878\"
		Debug.AspNetCompiler.Updateable = "true"
		Debug.AspNetCompiler.ForceOverwrite = "true"
		Debug.AspNetCompiler.FixedNames = "false"
		Debug.AspNetCompiler.Debug = "True"
		Release.AspNetCompiler.VirtualPath = "/localhost_59878"
		Release.AspNetCompiler.PhysicalPath = "ODXML\"
		Release.AspNetCompiler.TargetPath = "PrecompiledWeb\localhost_59878\"
		Release.AspNetCompiler.Updateable = "true"
		Release.AspNetCompiler.ForceOverwrite = "true"
		Release.AspNetCompiler.FixedNames = "false"
		Release.AspNetCompiler.Debug = "False"
		VWDPort = "59878"
		SlnRelativePath = "ODXML\"
	EndProjectSection
EndProject
Project("{E24C65DC-7377-472B-9ABA-BC803B73C61A}") = "SqlServer", "SqlServer\", "{5546C69F-57F6-4DDD-901F-3F3225577B79}"
	ProjectSection(WebsiteProperties) = preProject
		TargetFrameworkMoniker = ".NETFramework,Version%3Dv4.0"
		Debug.AspNetCompiler.VirtualPath = "/localhost_59880"
		Debug.AspNetCompiler.PhysicalPath = "SqlServer\"
		Debug.AspNetCompiler.TargetPath = "PrecompiledWeb\localhost_59880\"
		Debug.AspNetCompiler.Updateable = "true"
		Debug.AspNetCompiler.ForceOverwrite = "true"
		Debug.AspNetCompiler.FixedNames = "false"
		Debug.AspNetCompiler.Debug = "True"
		Release.AspNetCompiler.VirtualPath = "/localhost_59880"
		Release.AspNetCompiler.PhysicalPath = "SqlServer\"
		Release.AspNetCompiler.TargetPath = "PrecompiledWeb\localhost_59880\"
		Release.AspNetCompiler.Updateable = "true"
		Release.AspNetCompiler.ForceOverwrite = "true"
		Release.AspNetCompiler.FixedNames = "false"
		Release.AspNetCompiler.Debug = "False"
		VWDPort = "59880"
		SlnRelativePath = "SqlServer\"
	EndProjectSection
EndProject
Project("{2150E333-8FDC-42A3-9474-1A3956D46DE8}") = "CSharp", "CSharp", "{0A541AE6-FA3A-464B-8B0B-1AA73CC0C164}"
EndProject
Project("{2150E333-8FDC-42A3-9474-1A3956D46DE8}") = "Ionic", "Ionic", "{223A3EF4-7F7F-47E5-9601-A1DE95684ECE}"
EndProject
Project("{FAE04EC0-301F-11D3-BF4B-00C04F79EFBC}") = "WebApplication1", "WebApplication1\WebApplication1.csproj", "{EFE45374-1DB7-4E92-AC9C-9B047DD5B8D0}"
EndProject
Project("{262852C6-CD72-467D-83FE-5EEB1973A190}") = "ionic2-ts-sidemenu1", "ionic2-ts-sidemenu1\ionic2-ts-sidemenu1.jsproj", "{549CBA80-397B-4F8E-BB0E-5944E9D7E7DD}"
EndProject
Global
	GlobalSection(SolutionConfigurationPlatforms) = preSolution
		Debug|Android = Debug|Android
		Debug|Any CPU = Debug|Any CPU
		Debug|iOS = Debug|iOS
		Debug|Windows-AnyCPU = Debug|Windows-AnyCPU
		Debug|Windows-ARM = Debug|Windows-ARM
		Debug|Windows-x64 = Debug|Windows-x64
		Debug|Windows-x86 = Debug|Windows-x86
		Release|Android = Release|Android
		Release|Any CPU = Release|Any CPU
		Release|iOS = Release|iOS
		Release|Windows-AnyCPU = Release|Windows-AnyCPU
		Release|Windows-ARM = Release|Windows-ARM
		Release|Windows-x64 = Release|Windows-x64
		Release|Windows-x86 = Release|Windows-x86
	EndGlobalSection
	GlobalSection(ProjectConfigurationPlatforms) = postSolution
		{7FDA781F-B802-4C2B-AD88-5E61FC0E827B}.Debug|Android.ActiveCfg = Debug|Any CPU
		{7FDA781F-B802-4C2B-AD88-5E61FC0E827B}.Debug|Android.Build.0 = Debug|Any CPU
		{7FDA781F-B802-4C2B-AD88-5E61FC0E827B}.Debug|Any CPU.ActiveCfg = Debug|Any CPU
		{7FDA781F-B802-4C2B-AD88-5E61FC0E827B}.Debug|Any CPU.Build.0 = Debug|Any CPU
		{7FDA781F-B802-4C2B-AD88-5E61FC0E827B}.Debug|iOS.ActiveCfg = Debug|Any CPU
		{7FDA781F-B802-4C2B-AD88-5E61FC0E827B}.Debug|iOS.Build.0 = Debug|Any CPU
		{7FDA781F-B802-4C2B-AD88-5E61FC0E827B}.Debug|Windows-AnyCPU.ActiveCfg = Debug|Any CPU
		{7FDA781F-B802-4C2B-AD88-5E61FC0E827B}.Debug|Windows-AnyCPU.Build.0 = Debug|Any CPU
		{7FDA781F-B802-4C2B-AD88-5E61FC0E827B}.Debug|Windows-ARM.ActiveCfg = Debug|Any CPU
		{7FDA781F-B802-4C2B-AD88-5E61FC0E827B}.Debug|Windows-ARM.Build.0 = Debug|Any CPU
		{7FDA781F-B802-4C2B-AD88-5E61FC0E827B}.Debug|Windows-x64.ActiveCfg = Debug|Any CPU
		{7FDA781F-B802-4C2B-AD88-5E61FC0E827B}.Debug|Windows-x64.Build.0 = Debug|Any CPU
		{7FDA781F-B802-4C2B-AD88-5E61FC0E827B}.Debug|Windows-x86.ActiveCfg = Debug|Any CPU
		{7FDA781F-B802-4C2B-AD88-5E61FC0E827B}.Debug|Windows-x86.Build.0 = Debug|Any CPU
		{7FDA781F-B802-4C2B-AD88-5E61FC0E827B}.Release|Android.ActiveCfg = Debug|Any CPU
		{7FDA781F-B802-4C2B-AD88-5E61FC0E827B}.Release|Android.Build.0 = Debug|Any CPU
		{7FDA781F-B802-4C2B-AD88-5E61FC0E827B}.Release|Any CPU.ActiveCfg = Debug|Any CPU
		{7FDA781F-B802-4C2B-AD88-5E61FC0E827B}.Release|Any CPU.Build.0 = Debug|Any CPU
		{7FDA781F-B802-4C2B-AD88-5E61FC0E827B}.Release|iOS.ActiveCfg = Debug|Any CPU
		{7FDA781F-B802-4C2B-AD88-5E61FC0E827B}.Release|iOS.Build.0 = Debug|Any CPU
		{7FDA781F-B802-4C2B-AD88-5E61FC0E827B}.Release|Windows-AnyCPU.ActiveCfg = Debug|Any CPU
		{7FDA781F-B802-4C2B-AD88-5E61FC0E827B}.Release|Windows-AnyCPU.Build.0 = Debug|Any CPU
		{7FDA781F-B802-4C2B-AD88-5E61FC0E827B}.Release|Windows-ARM.ActiveCfg = Debug|Any CPU
		{7FDA781F-B802-4C2B-AD88-5E61FC0E827B}.Release|Windows-ARM.Build.0 = Debug|Any CPU
		{7FDA781F-B802-4C2B-AD88-5E61FC0E827B}.Release|Windows-x64.ActiveCfg = Debug|Any CPU
		{7FDA781F-B802-4C2B-AD88-5E61FC0E827B}.Release|Windows-x64.Build.0 = Debug|Any CPU
		{7FDA781F-B802-4C2B-AD88-5E61FC0E827B}.Release|Windows-x86.ActiveCfg = Debug|Any CPU
		{7FDA781F-B802-4C2B-AD88-5E61FC0E827B}.Release|Windows-x86.Build.0 = Debug|Any CPU
		{C3C5F7F6-D9D8-4165-911B-0527B69EA7EF}.Debug|Android.ActiveCfg = Debug|Any CPU
		{C3C5F7F6-D9D8-4165-911B-0527B69EA7EF}.Debug|Android.Build.0 = Debug|Any CPU
		{C3C5F7F6-D9D8-4165-911B-0527B69EA7EF}.Debug|Any CPU.ActiveCfg = Debug|Any CPU
		{C3C5F7F6-D9D8-4165-911B-0527B69EA7EF}.Debug|Any CPU.Build.0 = Debug|Any CPU
		{C3C5F7F6-D9D8-4165-911B-0527B69EA7EF}.Debug|iOS.ActiveCfg = Debug|Any CPU
		{C3C5F7F6-D9D8-4165-911B-0527B69EA7EF}.Debug|iOS.Build.0 = Debug|Any CPU
		{C3C5F7F6-D9D8-4165-911B-0527B69EA7EF}.Debug|Windows-AnyCPU.ActiveCfg = Debug|Any CPU
		{C3C5F7F6-D9D8-4165-911B-0527B69EA7EF}.Debug|Windows-AnyCPU.Build.0 = Debug|Any CPU
		{C3C5F7F6-D9D8-4165-911B-0527B69EA7EF}.Debug|Windows-ARM.ActiveCfg = Debug|Any CPU
		{C3C5F7F6-D9D8-4165-911B-0527B69EA7EF}.Debug|Windows-ARM.Build.0 = Debug|Any CPU
		{C3C5F7F6-D9D8-4165-911B-0527B69EA7EF}.Debug|Windows-x64.ActiveCfg = Debug|Any CPU
		{C3C5F7F6-D9D8-4165-911B-0527B69EA7EF}.Debug|Windows-x64.Build.0 = Debug|Any CPU
		{C3C5F7F6-D9D8-4165-911B-0527B69EA7EF}.Debug|Windows-x86.ActiveCfg = Debug|Any CPU
		{C3C5F7F6-D9D8-4165-911B-0527B69EA7EF}.Debug|Windows-x86.Build.0 = Debug|Any CPU
		{C3C5F7F6-D9D8-4165-911B-0527B69EA7EF}.Release|Android.ActiveCfg = Release|Any CPU
		{C3C5F7F6-D9D8-4165-911B-0527B69EA7EF}.Release|Android.Build.0 = Release|Any CPU
		{C3C5F7F6-D9D8-4165-911B-0527B69EA7EF}.Release|Any CPU.ActiveCfg = Release|Any CPU
		{C3C5F7F6-D9D8-4165-911B-0527B69EA7EF}.Release|Any CPU.Build.0 = Release|Any CPU
		{C3C5F7F6-D9D8-4165-911B-0527B69EA7EF}.Release|iOS.ActiveCfg = Release|Any CPU
		{C3C5F7F6-D9D8-4165-911B-0527B69EA7EF}.Release|iOS.Build.0 = Release|Any CPU
		{C3C5F7F6-D9D8-4165-911B-0527B69EA7EF}.Release|Windows-AnyCPU.ActiveCfg = Release|Any CPU
		{C3C5F7F6-D9D8-4165-911B-0527B69EA7EF}.Release|Windows-AnyCPU.Build.0 = Release|Any CPU
		{C3C5F7F6-D9D8-4165-911B-0527B69EA7EF}.Release|Windows-ARM.ActiveCfg = Release|Any CPU
		{C3C5F7F6-D9D8-4165-911B-0527B69EA7EF}.Release|Windows-ARM.Build.0 = Release|Any CPU
		{C3C5F7F6-D9D8-4165-911B-0527B69EA7EF}.Release|Windows-x64.ActiveCfg = Release|Any CPU
		{C3C5F7F6-D9D8-4165-911B-0527B69EA7EF}.Release|Windows-x64.Build.0 = Release|Any CPU
		{C3C5F7F6-D9D8-4165-911B-0527B69EA7EF}.Release|Windows-x86.ActiveCfg = Release|Any CPU
		{C3C5F7F6-D9D8-4165-911B-0527B69EA7EF}.Release|Windows-x86.Build.0 = Release|Any CPU
		{A40F7CDC-1AD8-44A0-BFAC-BC6CF2D9D967}.Debug|Android.ActiveCfg = Debug|Any CPU
		{A40F7CDC-1AD8-44A0-BFAC-BC6CF2D9D967}.Debug|Android.Build.0 = Debug|Any CPU
		{A40F7CDC-1AD8-44A0-BFAC-BC6CF2D9D967}.Debug|Any CPU.ActiveCfg = Debug|Any CPU
		{A40F7CDC-1AD8-44A0-BFAC-BC6CF2D9D967}.Debug|Any CPU.Build.0 = Debug|Any CPU
		{A40F7CDC-1AD8-44A0-BFAC-BC6CF2D9D967}.Debug|iOS.ActiveCfg = Debug|Any CPU
		{A40F7CDC-1AD8-44A0-BFAC-BC6CF2D9D967}.Debug|iOS.Build.0 = Debug|Any CPU
		{A40F7CDC-1AD8-44A0-BFAC-BC6CF2D9D967}.Debug|Windows-AnyCPU.ActiveCfg = Debug|Any CPU
		{A40F7CDC-1AD8-44A0-BFAC-BC6CF2D9D967}.Debug|Windows-AnyCPU.Build.0 = Debug|Any CPU
		{A40F7CDC-1AD8-44A0-BFAC-BC6CF2D9D967}.Debug|Windows-ARM.ActiveCfg = Debug|Any CPU
		{A40F7CDC-1AD8-44A0-BFAC-BC6CF2D9D967}.Debug|Windows-ARM.Build.0 = Debug|Any CPU
		{A40F7CDC-1AD8-44A0-BFAC-BC6CF2D9D967}.Debug|Windows-x64.ActiveCfg = Debug|Any CPU
		{A40F7CDC-1AD8-44A0-BFAC-BC6CF2D9D967}.Debug|Windows-x64.Build.0 = Debug|Any CPU
		{A40F7CDC-1AD8-44A0-BFAC-BC6CF2D9D967}.Debug|Windows-x86.ActiveCfg = Debug|Any CPU
		{A40F7CDC-1AD8-44A0-BFAC-BC6CF2D9D967}.Debug|Windows-x86.Build.0 = Debug|Any CPU
		{A40F7CDC-1AD8-44A0-BFAC-BC6CF2D9D967}.Release|Android.ActiveCfg = Debug|Any CPU
		{A40F7CDC-1AD8-44A0-BFAC-BC6CF2D9D967}.Release|Android.Build.0 = Debug|Any CPU
		{A40F7CDC-1AD8-44A0-BFAC-BC6CF2D9D967}.Release|Any CPU.ActiveCfg = Debug|Any CPU
		{A40F7CDC-1AD8-44A0-BFAC-BC6CF2D9D967}.Release|Any CPU.Build.0 = Debug|Any CPU
		{A40F7CDC-1AD8-44A0-BFAC-BC6CF2D9D967}.Release|iOS.ActiveCfg = Debug|Any CPU
		{A40F7CDC-1AD8-44A0-BFAC-BC6CF2D9D967}.Release|iOS.Build.0 = Debug|Any CPU
		{A40F7CDC-1AD8-44A0-BFAC-BC6CF2D9D967}.Release|Windows-AnyCPU.ActiveCfg = Debug|Any CPU
		{A40F7CDC-1AD8-44A0-BFAC-BC6CF2D9D967}.Release|Windows-AnyCPU.Build.0 = Debug|Any CPU
		{A40F7CDC-1AD8-44A0-BFAC-BC6CF2D9D967}.Release|Windows-ARM.ActiveCfg = Debug|Any CPU
		{A40F7CDC-1AD8-44A0-BFAC-BC6CF2D9D967}.Release|Windows-ARM.Build.0 = Debug|Any CPU
		{A40F7CDC-1AD8-44A0-BFAC-BC6CF2D9D967}.Release|Windows-x64.ActiveCfg = Debug|Any CPU
		{A40F7CDC-1AD8-44A0-BFAC-BC6CF2D9D967}.Release|Windows-x64.Build.0 = Debug|Any CPU
		{A40F7CDC-1AD8-44A0-BFAC-BC6CF2D9D967}.Release|Windows-x86.ActiveCfg = Debug|Any CPU
		{A40F7CDC-1AD8-44A0-BFAC-BC6CF2D9D967}.Release|Windows-x86.Build.0 = Debug|Any CPU
		{5546C69F-57F6-4DDD-901F-3F3225577B79}.Debug|Android.ActiveCfg = Debug|Any CPU
		{5546C69F-57F6-4DDD-901F-3F3225577B79}.Debug|Android.Build.0 = Debug|Any CPU
		{5546C69F-57F6-4DDD-901F-3F3225577B79}.Debug|Any CPU.ActiveCfg = Debug|Any CPU
		{5546C69F-57F6-4DDD-901F-3F3225577B79}.Debug|Any CPU.Build.0 = Debug|Any CPU
		{5546C69F-57F6-4DDD-901F-3F3225577B79}.Debug|iOS.ActiveCfg = Debug|Any CPU
		{5546C69F-57F6-4DDD-901F-3F3225577B79}.Debug|iOS.Build.0 = Debug|Any CPU
		{5546C69F-57F6-4DDD-901F-3F3225577B79}.Debug|Windows-AnyCPU.ActiveCfg = Debug|Any CPU
		{5546C69F-57F6-4DDD-901F-3F3225577B79}.Debug|Windows-AnyCPU.Build.0 = Debug|Any CPU
		{5546C69F-57F6-4DDD-901F-3F3225577B79}.Debug|Windows-ARM.ActiveCfg = Debug|Any CPU
		{5546C69F-57F6-4DDD-901F-3F3225577B79}.Debug|Windows-ARM.Build.0 = Debug|Any CPU
		{5546C69F-57F6-4DDD-901F-3F3225577B79}.Debug|Windows-x64.ActiveCfg = Debug|Any CPU
		{5546C69F-57F6-4DDD-901F-3F3225577B79}.Debug|Windows-x64.Build.0 = Debug|Any CPU
		{5546C69F-57F6-4DDD-901F-3F3225577B79}.Debug|Windows-x86.ActiveCfg = Debug|Any CPU
		{5546C69F-57F6-4DDD-901F-3F3225577B79}.Debug|Windows-x86.Build.0 = Debug|Any CPU
		{5546C69F-57F6-4DDD-901F-3F3225577B79}.Release|Android.ActiveCfg = Debug|Any CPU
		{5546C69F-57F6-4DDD-901F-3F3225577B79}.Release|Android.Build.0 = Debug|Any CPU
		{5546C69F-57F6-4DDD-901F-3F3225577B79}.Release|Any CPU.ActiveCfg = Debug|Any CPU
		{5546C69F-57F6-4DDD-901F-3F3225577B79}.Release|Any CPU.Build.0 = Debug|Any CPU
		{5546C69F-57F6-4DDD-901F-3F3225577B79}.Release|iOS.ActiveCfg = Debug|Any CPU
		{5546C69F-57F6-4DDD-901F-3F3225577B79}.Release|iOS.Build.0 = Debug|Any CPU
		{5546C69F-57F6-4DDD-901F-3F3225577B79}.Release|Windows-AnyCPU.ActiveCfg = Debug|Any CPU
		{5546C69F-57F6-4DDD-901F-3F3225577B79}.Release|Windows-AnyCPU.Build.0 = Debug|Any CPU
		{5546C69F-57F6-4DDD-901F-3F3225577B79}.Release|Windows-ARM.ActiveCfg = Debug|Any CPU
		{5546C69F-57F6-4DDD-901F-3F3225577B79}.Release|Windows-ARM.Build.0 = Debug|Any CPU
		{5546C69F-57F6-4DDD-901F-3F3225577B79}.Release|Windows-x64.ActiveCfg = Debug|Any CPU
		{5546C69F-57F6-4DDD-901F-3F3225577B79}.Release|Windows-x64.Build.0 = Debug|Any CPU
		{5546C69F-57F6-4DDD-901F-3F3225577B79}.Release|Windows-x86.ActiveCfg = Debug|Any CPU
		{5546C69F-57F6-4DDD-901F-3F3225577B79}.Release|Windows-x86.Build.0 = Debug|Any CPU
		{EFE45374-1DB7-4E92-AC9C-9B047DD5B8D0}.Debug|Android.ActiveCfg = Debug|Any CPU
		{EFE45374-1DB7-4E92-AC9C-9B047DD5B8D0}.Debug|Android.Build.0 = Debug|Any CPU
		{EFE45374-1DB7-4E92-AC9C-9B047DD5B8D0}.Debug|Any CPU.ActiveCfg = Debug|Any CPU
		{EFE45374-1DB7-4E92-AC9C-9B047DD5B8D0}.Debug|Any CPU.Build.0 = Debug|Any CPU
		{EFE45374-1DB7-4E92-AC9C-9B047DD5B8D0}.Debug|iOS.ActiveCfg = Debug|Any CPU
		{EFE45374-1DB7-4E92-AC9C-9B047DD5B8D0}.Debug|iOS.Build.0 = Debug|Any CPU
		{EFE45374-1DB7-4E92-AC9C-9B047DD5B8D0}.Debug|Windows-AnyCPU.ActiveCfg = Debug|Any CPU
		{EFE45374-1DB7-4E92-AC9C-9B047DD5B8D0}.Debug|Windows-AnyCPU.Build.0 = Debug|Any CPU
		{EFE45374-1DB7-4E92-AC9C-9B047DD5B8D0}.Debug|Windows-ARM.ActiveCfg = Debug|Any CPU
		{EFE45374-1DB7-4E92-AC9C-9B047DD5B8D0}.Debug|Windows-ARM.Build.0 = Debug|Any CPU
		{EFE45374-1DB7-4E92-AC9C-9B047DD5B8D0}.Debug|Windows-x64.ActiveCfg = Debug|Any CPU
		{EFE45374-1DB7-4E92-AC9C-9B047DD5B8D0}.Debug|Windows-x64.Build.0 = Debug|Any CPU
		{EFE45374-1DB7-4E92-AC9C-9B047DD5B8D0}.Debug|Windows-x86.ActiveCfg = Debug|Any CPU
		{EFE45374-1DB7-4E92-AC9C-9B047DD5B8D0}.Debug|Windows-x86.Build.0 = Debug|Any CPU
		{EFE45374-1DB7-4E92-AC9C-9B047DD5B8D0}.Release|Android.ActiveCfg = Release|Any CPU
		{EFE45374-1DB7-4E92-AC9C-9B047DD5B8D0}.Release|Android.Build.0 = Release|Any CPU
		{EFE45374-1DB7-4E92-AC9C-9B047DD5B8D0}.Release|Any CPU.ActiveCfg = Release|Any CPU
		{EFE45374-1DB7-4E92-AC9C-9B047DD5B8D0}.Release|Any CPU.Build.0 = Release|Any CPU
		{EFE45374-1DB7-4E92-AC9C-9B047DD5B8D0}.Release|iOS.ActiveCfg = Release|Any CPU
		{EFE45374-1DB7-4E92-AC9C-9B047DD5B8D0}.Release|iOS.Build.0 = Release|Any CPU
		{EFE45374-1DB7-4E92-AC9C-9B047DD5B8D0}.Release|Windows-AnyCPU.ActiveCfg = Release|Any CPU
		{EFE45374-1DB7-4E92-AC9C-9B047DD5B8D0}.Release|Windows-AnyCPU.Build.0 = Release|Any CPU
		{EFE45374-1DB7-4E92-AC9C-9B047DD5B8D0}.Release|Windows-ARM.ActiveCfg = Release|Any CPU
		{EFE45374-1DB7-4E92-AC9C-9B047DD5B8D0}.Release|Windows-ARM.Build.0 = Release|Any CPU
		{EFE45374-1DB7-4E92-AC9C-9B047DD5B8D0}.Release|Windows-x64.ActiveCfg = Release|Any CPU
		{EFE45374-1DB7-4E92-AC9C-9B047DD5B8D0}.Release|Windows-x64.Build.0 = Release|Any CPU
		{EFE45374-1DB7-4E92-AC9C-9B047DD5B8D0}.Release|Windows-x86.ActiveCfg = Release|Any CPU
		{EFE45374-1DB7-4E92-AC9C-9B047DD5B8D0}.Release|Windows-x86.Build.0 = Release|Any CPU
		{549CBA80-397B-4F8E-BB0E-5944E9D7E7DD}.Debug|Android.ActiveCfg = Debug|Android
		{549CBA80-397B-4F8E-BB0E-5944E9D7E7DD}.Debug|Android.Build.0 = Debug|Android
		{549CBA80-397B-4F8E-BB0E-5944E9D7E7DD}.Debug|Android.Deploy.0 = Debug|Android
		{549CBA80-397B-4F8E-BB0E-5944E9D7E7DD}.Debug|Any CPU.ActiveCfg = Debug|Android
		{549CBA80-397B-4F8E-BB0E-5944E9D7E7DD}.Debug|iOS.ActiveCfg = Debug|iOS
		{549CBA80-397B-4F8E-BB0E-5944E9D7E7DD}.Debug|iOS.Build.0 = Debug|iOS
		{549CBA80-397B-4F8E-BB0E-5944E9D7E7DD}.Debug|iOS.Deploy.0 = Debug|iOS
		{549CBA80-397B-4F8E-BB0E-5944E9D7E7DD}.Debug|Windows-AnyCPU.ActiveCfg = Debug|Windows-AnyCPU
		{549CBA80-397B-4F8E-BB0E-5944E9D7E7DD}.Debug|Windows-AnyCPU.Build.0 = Debug|Windows-AnyCPU
		{549CBA80-397B-4F8E-BB0E-5944E9D7E7DD}.Debug|Windows-AnyCPU.Deploy.0 = Debug|Windows-AnyCPU
		{549CBA80-397B-4F8E-BB0E-5944E9D7E7DD}.Debug|Windows-ARM.ActiveCfg = Debug|Windows-ARM
		{549CBA80-397B-4F8E-BB0E-5944E9D7E7DD}.Debug|Windows-ARM.Build.0 = Debug|Windows-ARM
		{549CBA80-397B-4F8E-BB0E-5944E9D7E7DD}.Debug|Windows-ARM.Deploy.0 = Debug|Windows-ARM
		{549CBA80-397B-4F8E-BB0E-5944E9D7E7DD}.Debug|Windows-x64.ActiveCfg = Debug|Windows-x64
		{549CBA80-397B-4F8E-BB0E-5944E9D7E7DD}.Debug|Windows-x64.Build.0 = Debug|Windows-x64
		{549CBA80-397B-4F8E-BB0E-5944E9D7E7DD}.Debug|Windows-x64.Deploy.0 = Debug|Windows-x64
		{549CBA80-397B-4F8E-BB0E-5944E9D7E7DD}.Debug|Windows-x86.ActiveCfg = Debug|Windows-x86
		{549CBA80-397B-4F8E-BB0E-5944E9D7E7DD}.Debug|Windows-x86.Build.0 = Debug|Windows-x86
		{549CBA80-397B-4F8E-BB0E-5944E9D7E7DD}.Debug|Windows-x86.Deploy.0 = Debug|Windows-x86
		{549CBA80-397B-4F8E-BB0E-5944E9D7E7DD}.Release|Android.ActiveCfg = Release|Android
		{549CBA80-397B-4F8E-BB0E-5944E9D7E7DD}.Release|Android.Build.0 = Release|Android
		{549CBA80-397B-4F8E-BB0E-5944E9D7E7DD}.Release|Android.Deploy.0 = Release|Android
		{549CBA80-397B-4F8E-BB0E-5944E9D7E7DD}.Release|Any CPU.ActiveCfg = Release|Android
		{549CBA80-397B-4F8E-BB0E-5944E9D7E7DD}.Release|iOS.ActiveCfg = Release|iOS
		{549CBA80-397B-4F8E-BB0E-5944E9D7E7DD}.Release|iOS.Build.0 = Release|iOS
		{549CBA80-397B-4F8E-BB0E-5944E9D7E7DD}.Release|iOS.Deploy.0 = Release|iOS
		{549CBA80-397B-4F8E-BB0E-5944E9D7E7DD}.Release|Windows-AnyCPU.ActiveCfg = Release|Windows-AnyCPU
		{549CBA80-397B-4F8E-BB0E-5944E9D7E7DD}.Release|Windows-AnyCPU.Build.0 = Release|Windows-AnyCPU
		{549CBA80-397B-4F8E-BB0E-5944E9D7E7DD}.Release|Windows-AnyCPU.Deploy.0 = Release|Windows-AnyCPU
		{549CBA80-397B-4F8E-BB0E-5944E9D7E7DD}.Release|Windows-ARM.ActiveCfg = Release|Windows-ARM
		{549CBA80-397B-4F8E-BB0E-5944E9D7E7DD}.Release|Windows-ARM.Build.0 = Release|Windows-ARM
		{549CBA80-397B-4F8E-BB0E-5944E9D7E7DD}.Release|Windows-ARM.Deploy.0 = Release|Windows-ARM
		{549CBA80-397B-4F8E-BB0E-5944E9D7E7DD}.Release|Windows-x64.ActiveCfg = Release|Windows-x64
		{549CBA80-397B-4F8E-BB0E-5944E9D7E7DD}.Release|Windows-x64.Build.0 = Release|Windows-x64
		{549CBA80-397B-4F8E-BB0E-5944E9D7E7DD}.Release|Windows-x64.Deploy.0 = Release|Windows-x64
		{549CBA80-397B-4F8E-BB0E-5944E9D7E7DD}.Release|Windows-x86.ActiveCfg = Release|Windows-x86
		{549CBA80-397B-4F8E-BB0E-5944E9D7E7DD}.Release|Windows-x86.Build.0 = Release|Windows-x86
		{549CBA80-397B-4F8E-BB0E-5944E9D7E7DD}.Release|Windows-x86.Deploy.0 = Release|Windows-x86
	EndGlobalSection
	GlobalSection(SolutionProperties) = preSolution
		HideSolutionNode = FALSE
	EndGlobalSection
	GlobalSection(NestedProjects) = preSolution
		{7FDA781F-B802-4C2B-AD88-5E61FC0E827B} = {419B1AF3-2AB0-4740-8478-B1230325AA16}
		{C3C5F7F6-D9D8-4165-911B-0527B69EA7EF} = {0A541AE6-FA3A-464B-8B0B-1AA73CC0C164}
		{A40F7CDC-1AD8-44A0-BFAC-BC6CF2D9D967} = {419B1AF3-2AB0-4740-8478-B1230325AA16}
		{5546C69F-57F6-4DDD-901F-3F3225577B79} = {419B1AF3-2AB0-4740-8478-B1230325AA16}
		{EFE45374-1DB7-4E92-AC9C-9B047DD5B8D0} = {0A541AE6-FA3A-464B-8B0B-1AA73CC0C164}
		{549CBA80-397B-4F8E-BB0E-5944E9D7E7DD} = {223A3EF4-7F7F-47E5-9601-A1DE95684ECE}
	EndGlobalSection
	GlobalSection(ExtensibilityGlobals) = postSolution
		SolutionGuid = {3B3E5043-67BA-4195-943E-FD31E9B5D30F}
	EndGlobalSection
EndGlobal
